{
  "version": 4,
  "terraform_version": "1.11.2",
  "serial": 30,
  "lineage": "6062bc83-92a8-a1e0-c8a1-f79fbc5434ee",
  "outputs": {
    "codedeploy_app_name": {
      "value": "istory-app",
      "type": "string"
    },
    "codedeploy_deployment_group_name": {
      "value": "istory-deploy-group",
      "type": "string"
    },
    "dev_istory_nginx_instance_public_ip": {
      "value": "43.203.123.238",
      "type": "string"
    },
    "istory-deploy-bucket_name": {
      "value": "istory-deploy-bucket-203918873115",
      "type": "string"
    },
    "rds_database_name": {
      "value": "istory",
      "type": "string"
    },
    "rds_endpoint": {
      "value": "istory-db.c52cuc0kw6v0.ap-northeast-2.rds.amazonaws.com:3306",
      "type": "string"
    },
    "rds_username": {
      "value": "user",
      "type": "string"
    },
    "ssh_private_key_pem": {
      "value": "-----BEGIN RSA PRIVATE KEY-----\nMIIEowIBAAKCAQEAtsgUHsVSsboKfjA5aYEdaArk4j1krWcvaS4mj7XyM3VcIsNO\n5Kwks/Ubps1d7H3QF4ToeMRPM4PCfe4ZhCQl+651Zg2/oZam0CSPjkpsrjXI2vDW\nUOsYbSEQ6XGZdrr0DXQwih7WeVmNDwAFCvVFQvFu5YowDbS1PrBb3Lbe77bbY2tv\nPsytkXEuVUtC8v9fjUhSjCjCLc+PT0Zx7vodVS/J9qKnEfWy0oi77i6o+JGaxOb7\nU9Ec5KposDYX6rSjqXUl6XEjI7aZItAOsqrXHY9lQ7pBFgHy5B2Q9Au/N8Wxj6bZ\nBfKGgEqeImsYbnYv/zF5nlZ168CBlGsRE4cADQIDAQABAoIBAAKr/g9NFx5d99VM\nYyp1prZkol/kQdp/DaRd9lZXdIjoCEbB0B9rnMW8qYDQs7THSglt+e/5/qZkIK2y\nk1DpLlz1eeXaAZkdGKcmQar0z43kX2FD7/4S0bKWryaacIHZzcN8lVEPjlcLxhIY\nD/rPBwopeVOFp5orsBKQhWc+jRe38D3OgGcmPKuEQ7IK9eYv9RU7LdzbKDAXDYB3\nYntLg7ss+b8zQ2iZULDKCIJGLAVnmsIWIfvzzNsz6Cifz7FBdozCgRykaEwfiUl1\n6jBwWch9xuQWpihAXdwGuxi4n+x90S7e6WhmxmJDTowMTk4QHXwTPAsjI1KN0i6P\nXbig6YECgYEA1Gz7owml+ybw+ftqFBzec8e7YXhOZUh0NJ9dzKTKehRomUZR4kb1\nxnSPBKOfISHv7U9q8b5vilT/K2e8+JSX9bfgixyVSsxnp5Lmv512meVhLQIvx86P\ndA9AWrcdvi4f2UfQiRSyP77FGRENwmRJjOcvVluKE+tIFFW8gBUaQB0CgYEA3EZn\nuZhjI0AHoUvPBvsLNCOLC8pcfSn4DmPHyoT56zgJv9+cf1oJu7RcxrVEoRIOIHKS\n//DUQzHv0belZZkkv4VXLXd5yk27mAsMJDuKOcmq6TGhY6kca3yFzAePPBAhY5Zg\nIAaUglYuMENf6fuhzUOkCxyJdEFeCs4I0A9bnLECgYB55wTM/hdzNlipjD7Gxf5e\ngOsmNyz98INHQ4FHk/Xh8t5Hv1P0P3aBaZg9OEx0bg5Kp/2eNwO5Zad9WC3YlSVT\nTC8ehcuivgRp5OJoacuK61hFxPB4gDBQkQQESvtVjRCX1x9z2x2jeS2QgfncaULQ\nCkdfDm8BmU6m5MCk2/dRfQKBgQDOB+Bu/TUFPJema5Tp75hMHU6qKY4W2FGXjAbM\ny1JDi7e6yznC+IGQGySIC/Z0PcIO4XvTfvvbGfM5km9Wt0ZjCSJAebbl3Y0wqmyh\n2zrv0ExXL7/Hyt61PtSawRtdT60bTAT/D4iK3Hb5V5t37JArwS/H4NpEbfu7WXlu\nul6zEQKBgGhXCiMq5OKEhu2AWkPkI00Ly8VHHGnT0ZBCbWEjpfmf1tPR4HKFgH+B\nGdyFeTk6+U/koTB3KblCwDpluIv8u24XpeWVhx/L8lnlCYux8AKrhf61agb+dYtt\njRZz2mdoUQXRSRkF87oF/INpLAff31f2pyVCw751P8Y/EGH6QQ+Q\n-----END RSA PRIVATE KEY-----\n",
      "type": "string",
      "sensitive": true
    }
  },
  "resources": [
    {
      "mode": "data",
      "type": "aws_caller_identity",
      "name": "current",
      "provider": "provider[\"registry.terraform.io/hashicorp/aws\"]",
      "instances": [
        {
          "schema_version": 0,
          "attributes": {
            "account_id": "203918873115",
            "arn": "arn:aws:iam::203918873115:user/cicd",
            "id": "203918873115",
            "user_id": "AIDAS66UDCINTIQRB5DTB"
          },
          "sensitive_attributes": []
        }
      ]
    },
    {
      "mode": "managed",
      "type": "aws_codedeploy_app",
      "name": "istory-app",
      "provider": "provider[\"registry.terraform.io/hashicorp/aws\"]",
      "instances": [
        {
          "schema_version": 0,
          "attributes": {
            "application_id": "6215673e-2b25-4e5a-8730-8b899bcb905f",
            "arn": "arn:aws:codedeploy:ap-northeast-2:203918873115:application:istory-app",
            "compute_platform": "Server",
            "github_account_name": "",
            "id": "6215673e-2b25-4e5a-8730-8b899bcb905f:istory-app",
            "linked_to_github": false,
            "name": "istory-app",
            "tags": null,
            "tags_all": {}
          },
          "sensitive_attributes": [],
          "private": "bnVsbA=="
        }
      ]
    },
    {
      "mode": "managed",
      "type": "aws_codedeploy_deployment_group",
      "name": "istory-deploy_group",
      "provider": "provider[\"registry.terraform.io/hashicorp/aws\"]",
      "instances": [
        {
          "schema_version": 0,
          "attributes": {
            "alarm_configuration": [],
            "app_name": "istory-app",
            "arn": "arn:aws:codedeploy:ap-northeast-2:203918873115:deploymentgroup:istory-app/istory-deploy-group",
            "auto_rollback_configuration": [
              {
                "enabled": true,
                "events": [
                  "DEPLOYMENT_FAILURE"
                ]
              }
            ],
            "autoscaling_groups": null,
            "blue_green_deployment_config": [],
            "compute_platform": "Server",
            "deployment_config_name": "CodeDeployDefault.OneAtATime",
            "deployment_group_id": "21c9646b-ee9f-4301-9861-39a4b88d4b23",
            "deployment_group_name": "istory-deploy-group",
            "deployment_style": [
              {
                "deployment_option": "WITHOUT_TRAFFIC_CONTROL",
                "deployment_type": "IN_PLACE"
              }
            ],
            "ec2_tag_filter": [],
            "ec2_tag_set": [
              {
                "ec2_tag_filter": [
                  {
                    "key": "Environment",
                    "type": "KEY_AND_VALUE",
                    "value": "Development"
                  }
                ]
              }
            ],
            "ecs_service": [],
            "id": "21c9646b-ee9f-4301-9861-39a4b88d4b23",
            "load_balancer_info": [],
            "on_premises_instance_tag_filter": [],
            "outdated_instances_strategy": "UPDATE",
            "service_role_arn": "arn:aws:iam::203918873115:role/CodeDeployServiceRole",
            "tags": null,
            "tags_all": {},
            "termination_hook_enabled": false,
            "trigger_configuration": []
          },
          "sensitive_attributes": [],
          "private": "bnVsbA==",
          "dependencies": [
            "aws_codedeploy_app.istory-app",
            "aws_iam_role.codedeploy_service_role"
          ]
        }
      ]
    },
    {
      "mode": "managed",
      "type": "aws_db_instance",
      "name": "istory_db",
      "provider": "provider[\"registry.terraform.io/hashicorp/aws\"]",
      "instances": [
        {
          "schema_version": 2,
          "attributes": {
            "address": "istory-db.c52cuc0kw6v0.ap-northeast-2.rds.amazonaws.com",
            "allocated_storage": 20,
            "allow_major_version_upgrade": null,
            "apply_immediately": false,
            "arn": "arn:aws:rds:ap-northeast-2:203918873115:db:istory-db",
            "auto_minor_version_upgrade": true,
            "availability_zone": "ap-northeast-2c",
            "backup_retention_period": 7,
            "backup_target": "region",
            "backup_window": "03:00-04:00",
            "blue_green_update": [],
            "ca_cert_identifier": "rds-ca-rsa2048-g1",
            "character_set_name": "",
            "copy_tags_to_snapshot": false,
            "custom_iam_instance_profile": "",
            "customer_owned_ip_enabled": false,
            "database_insights_mode": "standard",
            "db_name": "istory",
            "db_subnet_group_name": "istory-db-subnet-group",
            "dedicated_log_volume": false,
            "delete_automated_backups": true,
            "deletion_protection": false,
            "domain": "",
            "domain_auth_secret_arn": "",
            "domain_dns_ips": null,
            "domain_fqdn": "",
            "domain_iam_role_name": "",
            "domain_ou": "",
            "enabled_cloudwatch_logs_exports": null,
            "endpoint": "istory-db.c52cuc0kw6v0.ap-northeast-2.rds.amazonaws.com:3306",
            "engine": "mysql",
            "engine_lifecycle_support": "open-source-rds-extended-support",
            "engine_version": "8.0",
            "engine_version_actual": "8.0.40",
            "final_snapshot_identifier": null,
            "hosted_zone_id": "ZLA2NUCOLGUUR",
            "iam_database_authentication_enabled": false,
            "id": "db-WNTCPOLHYIZE6VJNEK4YOCMJ5U",
            "identifier": "istory-db",
            "identifier_prefix": "",
            "instance_class": "db.t3.micro",
            "iops": 0,
            "kms_key_id": "",
            "latest_restorable_time": "2025-03-22T05:51:57Z",
            "license_model": "general-public-license",
            "listener_endpoint": [],
            "maintenance_window": "mon:04:00-mon:05:00",
            "manage_master_user_password": null,
            "master_user_secret": [],
            "master_user_secret_kms_key_id": null,
            "max_allocated_storage": 0,
            "monitoring_interval": 0,
            "monitoring_role_arn": "",
            "multi_az": false,
            "nchar_character_set_name": "",
            "network_type": "IPV4",
            "option_group_name": "default:mysql-8-0",
            "parameter_group_name": "istory-db-parameter-group",
            "password": "user12345",
            "password_wo": null,
            "password_wo_version": null,
            "performance_insights_enabled": false,
            "performance_insights_kms_key_id": "",
            "performance_insights_retention_period": 0,
            "port": 3306,
            "publicly_accessible": false,
            "replica_mode": "",
            "replicas": [],
            "replicate_source_db": "",
            "resource_id": "db-WNTCPOLHYIZE6VJNEK4YOCMJ5U",
            "restore_to_point_in_time": [],
            "s3_import": [],
            "skip_final_snapshot": true,
            "snapshot_identifier": null,
            "status": "available",
            "storage_encrypted": false,
            "storage_throughput": 0,
            "storage_type": "gp2",
            "tags": {
              "Environment": "Development",
              "Name": "istory"
            },
            "tags_all": {
              "Environment": "Development",
              "Name": "istory"
            },
            "timeouts": null,
            "timezone": "",
            "upgrade_storage_config": null,
            "username": "user",
            "vpc_security_group_ids": [
              "sg-03466dbda739a194e"
            ]
          },
          "sensitive_attributes": [
            [
              {
                "type": "get_attr",
                "value": "password"
              }
            ],
            [
              {
                "type": "get_attr",
                "value": "password_wo"
              }
            ]
          ],
          "private": "eyJlMmJmYjczMC1lY2FhLTExZTYtOGY4OC0zNDM2M2JjN2M0YzAiOnsiY3JlYXRlIjozMDAwMDAwMDAwMDAwLCJkZWxldGUiOjM2MDAwMDAwMDAwMDAsInVwZGF0ZSI6NDgwMDAwMDAwMDAwMH0sInNjaGVtYV92ZXJzaW9uIjoiMiJ9",
          "dependencies": [
            "aws_db_parameter_group.istory_db_parameter_group",
            "aws_db_subnet_group.istory_db_subnet_group",
            "aws_security_group.istory_nginx_sg",
            "aws_security_group.istory_rds_sg",
            "aws_subnet.dangtong-vpc-public-subnet",
            "aws_vpc.dangtong-vpc"
          ]
        }
      ]
    },
    {
      "mode": "managed",
      "type": "aws_db_parameter_group",
      "name": "istory_db_parameter_group",
      "provider": "provider[\"registry.terraform.io/hashicorp/aws\"]",
      "instances": [
        {
          "schema_version": 0,
          "attributes": {
            "arn": "arn:aws:rds:ap-northeast-2:203918873115:pg:istory-db-parameter-group",
            "description": "Managed by Terraform",
            "family": "mysql8.0",
            "id": "istory-db-parameter-group",
            "name": "istory-db-parameter-group",
            "name_prefix": "",
            "parameter": [
              {
                "apply_method": "immediate",
                "name": "character_set_client",
                "value": "utf8mb4"
              },
              {
                "apply_method": "immediate",
                "name": "character_set_server",
                "value": "utf8mb4"
              }
            ],
            "skip_destroy": false,
            "tags": null,
            "tags_all": {}
          },
          "sensitive_attributes": [],
          "private": "bnVsbA=="
        }
      ]
    },
    {
      "mode": "managed",
      "type": "aws_db_subnet_group",
      "name": "istory_db_subnet_group",
      "provider": "provider[\"registry.terraform.io/hashicorp/aws\"]",
      "instances": [
        {
          "schema_version": 0,
          "attributes": {
            "arn": "arn:aws:rds:ap-northeast-2:203918873115:subgrp:istory-db-subnet-group",
            "description": "Managed by Terraform",
            "id": "istory-db-subnet-group",
            "name": "istory-db-subnet-group",
            "name_prefix": "",
            "subnet_ids": [
              "subnet-07f8edde7289e460e",
              "subnet-091724ef795c31075",
              "subnet-09e62a67f8a131316",
              "subnet-0fb0653be371e19e6"
            ],
            "supported_network_types": [
              "IPV4"
            ],
            "tags": {
              "Name": "istory DB subnet group"
            },
            "tags_all": {
              "Name": "istory DB subnet group"
            },
            "vpc_id": "vpc-08905d7d4a2ef2016"
          },
          "sensitive_attributes": [],
          "private": "bnVsbA==",
          "dependencies": [
            "aws_subnet.dangtong-vpc-public-subnet",
            "aws_vpc.dangtong-vpc"
          ]
        }
      ]
    },
    {
      "mode": "managed",
      "type": "aws_iam_instance_profile",
      "name": "ec2_profile",
      "provider": "provider[\"registry.terraform.io/hashicorp/aws\"]",
      "instances": [
        {
          "schema_version": 0,
          "attributes": {
            "arn": "arn:aws:iam::203918873115:instance-profile/EC2CodeDeployProfile",
            "create_date": "2025-03-22T05:47:04Z",
            "id": "EC2CodeDeployProfile",
            "name": "EC2CodeDeployProfile",
            "name_prefix": "",
            "path": "/",
            "role": "EC2CodeDeployRole",
            "tags": null,
            "tags_all": {},
            "unique_id": "AIPAS66UDCINZJTFULE2L"
          },
          "sensitive_attributes": [],
          "private": "bnVsbA==",
          "dependencies": [
            "aws_iam_role.ec2_codedeploy_role"
          ]
        }
      ]
    },
    {
      "mode": "managed",
      "type": "aws_iam_role",
      "name": "codedeploy_service_role",
      "provider": "provider[\"registry.terraform.io/hashicorp/aws\"]",
      "instances": [
        {
          "schema_version": 0,
          "attributes": {
            "arn": "arn:aws:iam::203918873115:role/CodeDeployServiceRole",
            "assume_role_policy": "{\"Statement\":[{\"Action\":\"sts:AssumeRole\",\"Effect\":\"Allow\",\"Principal\":{\"Service\":\"codedeploy.amazonaws.com\"}}],\"Version\":\"2012-10-17\"}",
            "create_date": "2025-03-22T05:47:02Z",
            "description": "",
            "force_detach_policies": false,
            "id": "CodeDeployServiceRole",
            "inline_policy": [],
            "managed_policy_arns": [],
            "max_session_duration": 3600,
            "name": "CodeDeployServiceRole",
            "name_prefix": "",
            "path": "/",
            "permissions_boundary": "",
            "tags": {
              "Name": "codedeploy-service-role"
            },
            "tags_all": {
              "Name": "codedeploy-service-role"
            },
            "unique_id": "AROAS66UDCIN2WCE2EYYO"
          },
          "sensitive_attributes": [],
          "private": "bnVsbA=="
        }
      ]
    },
    {
      "mode": "managed",
      "type": "aws_iam_role",
      "name": "ec2_codedeploy_role",
      "provider": "provider[\"registry.terraform.io/hashicorp/aws\"]",
      "instances": [
        {
          "schema_version": 0,
          "attributes": {
            "arn": "arn:aws:iam::203918873115:role/EC2CodeDeployRole",
            "assume_role_policy": "{\"Statement\":[{\"Action\":\"sts:AssumeRole\",\"Effect\":\"Allow\",\"Principal\":{\"Service\":\"ec2.amazonaws.com\"}}],\"Version\":\"2012-10-17\"}",
            "create_date": "2025-03-22T05:47:02Z",
            "description": "",
            "force_detach_policies": false,
            "id": "EC2CodeDeployRole",
            "inline_policy": [],
            "managed_policy_arns": [],
            "max_session_duration": 3600,
            "name": "EC2CodeDeployRole",
            "name_prefix": "",
            "path": "/",
            "permissions_boundary": "",
            "tags": {
              "Name": "ec2-codedeploy-role"
            },
            "tags_all": {
              "Name": "ec2-codedeploy-role"
            },
            "unique_id": "AROAS66UDCINXLBUOLVSC"
          },
          "sensitive_attributes": [],
          "private": "bnVsbA=="
        }
      ]
    },
    {
      "mode": "managed",
      "type": "aws_iam_role_policy_attachment",
      "name": "codedeploy_service",
      "provider": "provider[\"registry.terraform.io/hashicorp/aws\"]",
      "instances": [
        {
          "schema_version": 0,
          "attributes": {
            "id": "CodeDeployServiceRole-20250322054644491700000001",
            "policy_arn": "arn:aws:iam::aws:policy/service-role/AWSCodeDeployRole",
            "role": "CodeDeployServiceRole"
          },
          "sensitive_attributes": [],
          "private": "bnVsbA==",
          "dependencies": [
            "aws_iam_role.codedeploy_service_role"
          ]
        }
      ]
    },
    {
      "mode": "managed",
      "type": "aws_iam_role_policy_attachment",
      "name": "ec2_codedeploy",
      "provider": "provider[\"registry.terraform.io/hashicorp/aws\"]",
      "instances": [
        {
          "schema_version": 0,
          "attributes": {
            "id": "EC2CodeDeployRole-20250322054644721900000002",
            "policy_arn": "arn:aws:iam::aws:policy/service-role/AWSCodeDeployRole",
            "role": "EC2CodeDeployRole"
          },
          "sensitive_attributes": [],
          "private": "bnVsbA==",
          "dependencies": [
            "aws_iam_role.ec2_codedeploy_role"
          ]
        }
      ]
    },
    {
      "mode": "managed",
      "type": "aws_iam_role_policy_attachment",
      "name": "ec2_codedeploy_s3",
      "provider": "provider[\"registry.terraform.io/hashicorp/aws\"]",
      "instances": [
        {
          "schema_version": 0,
          "attributes": {
            "id": "EC2CodeDeployRole-20250322054644751700000003",
            "policy_arn": "arn:aws:iam::aws:policy/AmazonS3ReadOnlyAccess",
            "role": "EC2CodeDeployRole"
          },
          "sensitive_attributes": [],
          "private": "bnVsbA==",
          "dependencies": [
            "aws_iam_role.ec2_codedeploy_role"
          ]
        }
      ]
    },
    {
      "mode": "managed",
      "type": "aws_instance",
      "name": "dev_istory_nginx_instance",
      "provider": "provider[\"registry.terraform.io/hashicorp/aws\"]",
      "instances": [
        {
          "schema_version": 1,
          "attributes": {
            "ami": "ami-08b09b6acd8d62254",
            "arn": "arn:aws:ec2:ap-northeast-2:203918873115:instance/i-08f95c4e0820839d1",
            "associate_public_ip_address": true,
            "availability_zone": "ap-northeast-2a",
            "capacity_reservation_specification": [
              {
                "capacity_reservation_preference": "open",
                "capacity_reservation_target": []
              }
            ],
            "cpu_core_count": 1,
            "cpu_options": [
              {
                "amd_sev_snp": "",
                "core_count": 1,
                "threads_per_core": 1
              }
            ],
            "cpu_threads_per_core": 1,
            "credit_specification": [
              {
                "cpu_credits": "standard"
              }
            ],
            "disable_api_stop": false,
            "disable_api_termination": false,
            "ebs_block_device": [],
            "ebs_optimized": false,
            "enable_primary_ipv6": null,
            "enclave_options": [
              {
                "enabled": false
              }
            ],
            "ephemeral_block_device": [],
            "get_password_data": false,
            "hibernation": false,
            "host_id": "",
            "host_resource_group_arn": null,
            "iam_instance_profile": "EC2CodeDeployProfile",
            "id": "i-08f95c4e0820839d1",
            "instance_initiated_shutdown_behavior": "stop",
            "instance_lifecycle": "",
            "instance_market_options": [],
            "instance_state": "running",
            "instance_type": "t2.micro",
            "ipv6_address_count": 0,
            "ipv6_addresses": [],
            "key_name": "ec2-key_pair",
            "launch_template": [],
            "maintenance_options": [
              {
                "auto_recovery": "default"
              }
            ],
            "metadata_options": [
              {
                "http_endpoint": "enabled",
                "http_protocol_ipv6": "disabled",
                "http_put_response_hop_limit": 1,
                "http_tokens": "optional",
                "instance_metadata_tags": "disabled"
              }
            ],
            "monitoring": false,
            "network_interface": [],
            "outpost_arn": "",
            "password_data": "",
            "placement_group": "",
            "placement_partition_number": 0,
            "primary_network_interface_id": "eni-0509a069cb582371b",
            "private_dns": "ip-10-0-1-173.ap-northeast-2.compute.internal",
            "private_dns_name_options": [
              {
                "enable_resource_name_dns_a_record": false,
                "enable_resource_name_dns_aaaa_record": false,
                "hostname_type": "ip-name"
              }
            ],
            "private_ip": "10.0.1.173",
            "public_dns": "ec2-43-203-123-238.ap-northeast-2.compute.amazonaws.com",
            "public_ip": "43.203.123.238",
            "root_block_device": [
              {
                "delete_on_termination": true,
                "device_name": "/dev/xvda",
                "encrypted": false,
                "iops": 100,
                "kms_key_id": "",
                "tags": {},
                "tags_all": {},
                "throughput": 0,
                "volume_id": "vol-0e909fc4ee75447c1",
                "volume_size": 8,
                "volume_type": "gp2"
              }
            ],
            "secondary_private_ips": [],
            "security_groups": [],
            "source_dest_check": true,
            "spot_instance_request_id": "",
            "subnet_id": "subnet-0fb0653be371e19e6",
            "tags": {
              "Environment": "Development",
              "Name": "istory nginx-server"
            },
            "tags_all": {
              "Environment": "Development",
              "Name": "istory nginx-server"
            },
            "tenancy": "default",
            "timeouts": null,
            "user_data": "89573fc17c6928260a1ff3340398cee177fd96f0",
            "user_data_base64": null,
            "user_data_replace_on_change": false,
            "volume_tags": null,
            "vpc_security_group_ids": [
              "sg-0c957cd313f23b633"
            ]
          },
          "sensitive_attributes": [],
          "private": "eyJlMmJmYjczMC1lY2FhLTExZTYtOGY4OC0zNDM2M2JjN2M0YzAiOnsiY3JlYXRlIjo2MDAwMDAwMDAwMDAsImRlbGV0ZSI6MTIwMDAwMDAwMDAwMCwicmVhZCI6OTAwMDAwMDAwMDAwLCJ1cGRhdGUiOjYwMDAwMDAwMDAwMH0sInNjaGVtYV92ZXJzaW9uIjoiMSJ9",
          "dependencies": [
            "aws_iam_instance_profile.ec2_profile",
            "aws_iam_role.ec2_codedeploy_role",
            "aws_key_pair.ec2_key_pair",
            "aws_security_group.istory_nginx_sg",
            "aws_subnet.dangtong-vpc-public-subnet",
            "aws_vpc.dangtong-vpc",
            "tls_private_key.ec2_private_key"
          ]
        }
      ]
    },
    {
      "mode": "managed",
      "type": "aws_internet_gateway",
      "name": "dangtong-igw",
      "provider": "provider[\"registry.terraform.io/hashicorp/aws\"]",
      "instances": [
        {
          "schema_version": 0,
          "attributes": {
            "arn": "arn:aws:ec2:ap-northeast-2:203918873115:internet-gateway/igw-089b149098e00fc18",
            "id": "igw-089b149098e00fc18",
            "owner_id": "203918873115",
            "tags": {
              "Name": "dangtong-igw"
            },
            "tags_all": {
              "Name": "dangtong-igw"
            },
            "timeouts": null,
            "vpc_id": "vpc-08905d7d4a2ef2016"
          },
          "sensitive_attributes": [],
          "private": "eyJlMmJmYjczMC1lY2FhLTExZTYtOGY4OC0zNDM2M2JjN2M0YzAiOnsiY3JlYXRlIjoxMjAwMDAwMDAwMDAwLCJkZWxldGUiOjEyMDAwMDAwMDAwMDAsInVwZGF0ZSI6MTIwMDAwMDAwMDAwMH19",
          "dependencies": [
            "aws_vpc.dangtong-vpc"
          ]
        }
      ]
    },
    {
      "mode": "managed",
      "type": "aws_key_pair",
      "name": "ec2_key_pair",
      "provider": "provider[\"registry.terraform.io/hashicorp/aws\"]",
      "instances": [
        {
          "schema_version": 1,
          "attributes": {
            "arn": "arn:aws:ec2:ap-northeast-2:203918873115:key-pair/ec2-key_pair",
            "fingerprint": "41:23:e6:81:3d:21:af:dc:0d:b0:9f:ce:f1:f8:b6:b8",
            "id": "ec2-key_pair",
            "key_name": "ec2-key_pair",
            "key_name_prefix": "",
            "key_pair_id": "key-094a480e0428285a5",
            "key_type": "rsa",
            "public_key": "ssh-rsa AAAAB3NzaC1yc2EAAAADAQABAAABAQC2yBQexVKxugp+MDlpgR1oCuTiPWStZy9pLiaPtfIzdVwiw07krCSz9RumzV3sfdAXhOh4xE8zg8J97hmEJCX7rnVmDb+hlqbQJI+OSmyuNcja8NZQ6xhtIRDpcZl2uvQNdDCKHtZ5WY0PAAUK9UVC8W7lijANtLU+sFvctt7vtttja28+zK2RcS5VS0Ly/1+NSFKMKMItz49PRnHu+h1VL8n2oqcR9bLSiLvuLqj4kZrE5vtT0RzkqmiwNhfqtKOpdSXpcSMjtpki0A6yqtcdj2VDukEWAfLkHZD0C783xbGPptkF8oaASp4iaxhudi//MXmeVnXrwIGUaxEThwAN",
            "tags": null,
            "tags_all": {}
          },
          "sensitive_attributes": [],
          "private": "eyJzY2hlbWFfdmVyc2lvbiI6IjEifQ==",
          "dependencies": [
            "tls_private_key.ec2_private_key"
          ]
        }
      ]
    },
    {
      "mode": "managed",
      "type": "aws_route_table",
      "name": "dangtong-vpc-public-rt",
      "provider": "provider[\"registry.terraform.io/hashicorp/aws\"]",
      "instances": [
        {
          "schema_version": 0,
          "attributes": {
            "arn": "arn:aws:ec2:ap-northeast-2:203918873115:route-table/rtb-0e0753c23e7b79796",
            "id": "rtb-0e0753c23e7b79796",
            "owner_id": "203918873115",
            "propagating_vgws": [],
            "route": [
              {
                "carrier_gateway_id": "",
                "cidr_block": "0.0.0.0/0",
                "core_network_arn": "",
                "destination_prefix_list_id": "",
                "egress_only_gateway_id": "",
                "gateway_id": "igw-089b149098e00fc18",
                "ipv6_cidr_block": "",
                "local_gateway_id": "",
                "nat_gateway_id": "",
                "network_interface_id": "",
                "transit_gateway_id": "",
                "vpc_endpoint_id": "",
                "vpc_peering_connection_id": ""
              }
            ],
            "tags": {
              "Name": "dangtong-vpc-public-rt"
            },
            "tags_all": {
              "Name": "dangtong-vpc-public-rt"
            },
            "timeouts": null,
            "vpc_id": "vpc-08905d7d4a2ef2016"
          },
          "sensitive_attributes": [],
          "private": "eyJlMmJmYjczMC1lY2FhLTExZTYtOGY4OC0zNDM2M2JjN2M0YzAiOnsiY3JlYXRlIjozMDAwMDAwMDAwMDAsImRlbGV0ZSI6MzAwMDAwMDAwMDAwLCJ1cGRhdGUiOjEyMDAwMDAwMDAwMH19",
          "dependencies": [
            "aws_internet_gateway.dangtong-igw",
            "aws_vpc.dangtong-vpc"
          ]
        }
      ]
    },
    {
      "mode": "managed",
      "type": "aws_route_table_association",
      "name": "dangtong-vpc-public-rt",
      "provider": "provider[\"registry.terraform.io/hashicorp/aws\"]",
      "instances": [
        {
          "index_key": "a",
          "schema_version": 0,
          "attributes": {
            "gateway_id": "",
            "id": "rtbassoc-0809b43953729e150",
            "route_table_id": "rtb-0e0753c23e7b79796",
            "subnet_id": "subnet-0fb0653be371e19e6",
            "timeouts": null
          },
          "sensitive_attributes": [],
          "private": "eyJlMmJmYjczMC1lY2FhLTExZTYtOGY4OC0zNDM2M2JjN2M0YzAiOnsiY3JlYXRlIjozMDAwMDAwMDAwMDAsImRlbGV0ZSI6MzAwMDAwMDAwMDAwLCJ1cGRhdGUiOjEyMDAwMDAwMDAwMH19",
          "dependencies": [
            "aws_internet_gateway.dangtong-igw",
            "aws_route_table.dangtong-vpc-public-rt",
            "aws_subnet.dangtong-vpc-public-subnet",
            "aws_vpc.dangtong-vpc"
          ]
        },
        {
          "index_key": "b",
          "schema_version": 0,
          "attributes": {
            "gateway_id": "",
            "id": "rtbassoc-0931d7d92f8045457",
            "route_table_id": "rtb-0e0753c23e7b79796",
            "subnet_id": "subnet-091724ef795c31075",
            "timeouts": null
          },
          "sensitive_attributes": [],
          "private": "eyJlMmJmYjczMC1lY2FhLTExZTYtOGY4OC0zNDM2M2JjN2M0YzAiOnsiY3JlYXRlIjozMDAwMDAwMDAwMDAsImRlbGV0ZSI6MzAwMDAwMDAwMDAwLCJ1cGRhdGUiOjEyMDAwMDAwMDAwMH19",
          "dependencies": [
            "aws_internet_gateway.dangtong-igw",
            "aws_route_table.dangtong-vpc-public-rt",
            "aws_subnet.dangtong-vpc-public-subnet",
            "aws_vpc.dangtong-vpc"
          ]
        },
        {
          "index_key": "c",
          "schema_version": 0,
          "attributes": {
            "gateway_id": "",
            "id": "rtbassoc-0a3795f0d468e0e5d",
            "route_table_id": "rtb-0e0753c23e7b79796",
            "subnet_id": "subnet-07f8edde7289e460e",
            "timeouts": null
          },
          "sensitive_attributes": [],
          "private": "eyJlMmJmYjczMC1lY2FhLTExZTYtOGY4OC0zNDM2M2JjN2M0YzAiOnsiY3JlYXRlIjozMDAwMDAwMDAwMDAsImRlbGV0ZSI6MzAwMDAwMDAwMDAwLCJ1cGRhdGUiOjEyMDAwMDAwMDAwMH19",
          "dependencies": [
            "aws_internet_gateway.dangtong-igw",
            "aws_route_table.dangtong-vpc-public-rt",
            "aws_subnet.dangtong-vpc-public-subnet",
            "aws_vpc.dangtong-vpc"
          ]
        },
        {
          "index_key": "d",
          "schema_version": 0,
          "attributes": {
            "gateway_id": "",
            "id": "rtbassoc-0940c9452045cf341",
            "route_table_id": "rtb-0e0753c23e7b79796",
            "subnet_id": "subnet-09e62a67f8a131316",
            "timeouts": null
          },
          "sensitive_attributes": [],
          "private": "eyJlMmJmYjczMC1lY2FhLTExZTYtOGY4OC0zNDM2M2JjN2M0YzAiOnsiY3JlYXRlIjozMDAwMDAwMDAwMDAsImRlbGV0ZSI6MzAwMDAwMDAwMDAwLCJ1cGRhdGUiOjEyMDAwMDAwMDAwMH19",
          "dependencies": [
            "aws_internet_gateway.dangtong-igw",
            "aws_route_table.dangtong-vpc-public-rt",
            "aws_subnet.dangtong-vpc-public-subnet",
            "aws_vpc.dangtong-vpc"
          ]
        }
      ]
    },
    {
      "mode": "managed",
      "type": "aws_s3_bucket",
      "name": "istory-deploy-bucket",
      "provider": "provider[\"registry.terraform.io/hashicorp/aws\"]",
      "instances": [
        {
          "schema_version": 0,
          "attributes": {
            "acceleration_status": "",
            "acl": null,
            "arn": "arn:aws:s3:::istory-deploy-bucket-203918873115",
            "bucket": "istory-deploy-bucket-203918873115",
            "bucket_domain_name": "istory-deploy-bucket-203918873115.s3.amazonaws.com",
            "bucket_prefix": "",
            "bucket_regional_domain_name": "istory-deploy-bucket-203918873115.s3.ap-northeast-2.amazonaws.com",
            "cors_rule": [],
            "force_destroy": false,
            "grant": [
              {
                "id": "d709446d303233b7b30fbe0c7489b108bd9abca497aacff4afa8fa450adcbea1",
                "permissions": [
                  "FULL_CONTROL"
                ],
                "type": "CanonicalUser",
                "uri": ""
              }
            ],
            "hosted_zone_id": "Z3W03O7B5YMIYP",
            "id": "istory-deploy-bucket-203918873115",
            "lifecycle_rule": [],
            "logging": [],
            "object_lock_configuration": [],
            "object_lock_enabled": false,
            "policy": "",
            "region": "ap-northeast-2",
            "replication_configuration": [],
            "request_payer": "BucketOwner",
            "server_side_encryption_configuration": [
              {
                "rule": [
                  {
                    "apply_server_side_encryption_by_default": [
                      {
                        "kms_master_key_id": "",
                        "sse_algorithm": "AES256"
                      }
                    ],
                    "bucket_key_enabled": false
                  }
                ]
              }
            ],
            "tags": null,
            "tags_all": {},
            "timeouts": null,
            "versioning": [
              {
                "enabled": false,
                "mfa_delete": false
              }
            ],
            "website": [],
            "website_domain": null,
            "website_endpoint": null
          },
          "sensitive_attributes": [],
          "private": "eyJlMmJmYjczMC1lY2FhLTExZTYtOGY4OC0zNDM2M2JjN2M0YzAiOnsiY3JlYXRlIjoxMjAwMDAwMDAwMDAwLCJkZWxldGUiOjM2MDAwMDAwMDAwMDAsInJlYWQiOjEyMDAwMDAwMDAwMDAsInVwZGF0ZSI6MTIwMDAwMDAwMDAwMH19",
          "dependencies": [
            "data.aws_caller_identity.current"
          ]
        }
      ]
    },
    {
      "mode": "managed",
      "type": "aws_s3_bucket_versioning",
      "name": "deploy_bucket_versioning",
      "provider": "provider[\"registry.terraform.io/hashicorp/aws\"]",
      "instances": [
        {
          "schema_version": 0,
          "attributes": {
            "bucket": "istory-deploy-bucket-203918873115",
            "expected_bucket_owner": "",
            "id": "istory-deploy-bucket-203918873115",
            "mfa": null,
            "versioning_configuration": [
              {
                "mfa_delete": "",
                "status": "Enabled"
              }
            ]
          },
          "sensitive_attributes": [],
          "private": "bnVsbA==",
          "dependencies": [
            "aws_s3_bucket.istory-deploy-bucket",
            "data.aws_caller_identity.current"
          ]
        }
      ]
    },
    {
      "mode": "managed",
      "type": "aws_security_group",
      "name": "istory_nginx_sg",
      "provider": "provider[\"registry.terraform.io/hashicorp/aws\"]",
      "instances": [
        {
          "schema_version": 1,
          "attributes": {
            "arn": "arn:aws:ec2:ap-northeast-2:203918873115:security-group/sg-0c957cd313f23b633",
            "description": "Managed by Terraform",
            "egress": [
              {
                "cidr_blocks": [
                  "0.0.0.0/0"
                ],
                "description": "",
                "from_port": 0,
                "ipv6_cidr_blocks": [],
                "prefix_list_ids": [],
                "protocol": "-1",
                "security_groups": [],
                "self": false,
                "to_port": 0
              }
            ],
            "id": "sg-0c957cd313f23b633",
            "ingress": [
              {
                "cidr_blocks": [
                  "0.0.0.0/0"
                ],
                "description": "Allow HTTP",
                "from_port": 8080,
                "ipv6_cidr_blocks": [],
                "prefix_list_ids": [],
                "protocol": "tcp",
                "security_groups": [],
                "self": false,
                "to_port": 8080
              },
              {
                "cidr_blocks": [
                  "0.0.0.0/0"
                ],
                "description": "Allow SSH",
                "from_port": 22,
                "ipv6_cidr_blocks": [],
                "prefix_list_ids": [],
                "protocol": "tcp",
                "security_groups": [],
                "self": false,
                "to_port": 22
              }
            ],
            "name": "istory nginx sg20250322054654413000000004",
            "name_prefix": "istory nginx sg",
            "owner_id": "203918873115",
            "revoke_rules_on_delete": false,
            "tags": null,
            "tags_all": {},
            "timeouts": null,
            "vpc_id": "vpc-08905d7d4a2ef2016"
          },
          "sensitive_attributes": [],
          "private": "eyJlMmJmYjczMC1lY2FhLTExZTYtOGY4OC0zNDM2M2JjN2M0YzAiOnsiY3JlYXRlIjo2MDAwMDAwMDAwMDAsImRlbGV0ZSI6OTAwMDAwMDAwMDAwfSwic2NoZW1hX3ZlcnNpb24iOiIxIn0=",
          "dependencies": [
            "aws_vpc.dangtong-vpc"
          ]
        }
      ]
    },
    {
      "mode": "managed",
      "type": "aws_security_group",
      "name": "istory_rds_sg",
      "provider": "provider[\"registry.terraform.io/hashicorp/aws\"]",
      "instances": [
        {
          "schema_version": 1,
          "attributes": {
            "arn": "arn:aws:ec2:ap-northeast-2:203918873115:security-group/sg-03466dbda739a194e",
            "description": "Managed by Terraform",
            "egress": [
              {
                "cidr_blocks": [
                  "0.0.0.0/0"
                ],
                "description": "",
                "from_port": 0,
                "ipv6_cidr_blocks": [],
                "prefix_list_ids": [],
                "protocol": "-1",
                "security_groups": [],
                "self": false,
                "to_port": 0
              }
            ],
            "id": "sg-03466dbda739a194e",
            "ingress": [
              {
                "cidr_blocks": [],
                "description": "Allow MySQL from EC2",
                "from_port": 3306,
                "ipv6_cidr_blocks": [],
                "prefix_list_ids": [],
                "protocol": "tcp",
                "security_groups": [
                  "sg-0c957cd313f23b633"
                ],
                "self": false,
                "to_port": 3306
              }
            ],
            "name": "istory rds sg20250322054656897300000006",
            "name_prefix": "istory rds sg",
            "owner_id": "203918873115",
            "revoke_rules_on_delete": false,
            "tags": {
              "Name": "istory-rds-sg"
            },
            "tags_all": {
              "Name": "istory-rds-sg"
            },
            "timeouts": null,
            "vpc_id": "vpc-08905d7d4a2ef2016"
          },
          "sensitive_attributes": [],
          "private": "eyJlMmJmYjczMC1lY2FhLTExZTYtOGY4OC0zNDM2M2JjN2M0YzAiOnsiY3JlYXRlIjo2MDAwMDAwMDAwMDAsImRlbGV0ZSI6OTAwMDAwMDAwMDAwfSwic2NoZW1hX3ZlcnNpb24iOiIxIn0=",
          "dependencies": [
            "aws_security_group.istory_nginx_sg",
            "aws_vpc.dangtong-vpc"
          ]
        }
      ]
    },
    {
      "mode": "managed",
      "type": "aws_subnet",
      "name": "dangtong-vpc-public-subnet",
      "provider": "provider[\"registry.terraform.io/hashicorp/aws\"]",
      "instances": [
        {
          "index_key": "a",
          "schema_version": 1,
          "attributes": {
            "arn": "arn:aws:ec2:ap-northeast-2:203918873115:subnet/subnet-0fb0653be371e19e6",
            "assign_ipv6_address_on_creation": false,
            "availability_zone": "ap-northeast-2a",
            "availability_zone_id": "apne2-az1",
            "cidr_block": "10.0.1.0/24",
            "customer_owned_ipv4_pool": "",
            "enable_dns64": false,
            "enable_lni_at_device_index": 0,
            "enable_resource_name_dns_a_record_on_launch": false,
            "enable_resource_name_dns_aaaa_record_on_launch": false,
            "id": "subnet-0fb0653be371e19e6",
            "ipv6_cidr_block": "",
            "ipv6_cidr_block_association_id": "",
            "ipv6_native": false,
            "map_customer_owned_ip_on_launch": false,
            "map_public_ip_on_launch": true,
            "outpost_arn": "",
            "owner_id": "203918873115",
            "private_dns_hostname_type_on_launch": "ip-name",
            "tags": {
              "Name": "dangtong-vpc-public-subnet-a"
            },
            "tags_all": {
              "Name": "dangtong-vpc-public-subnet-a"
            },
            "timeouts": null,
            "vpc_id": "vpc-08905d7d4a2ef2016"
          },
          "sensitive_attributes": [],
          "private": "eyJlMmJmYjczMC1lY2FhLTExZTYtOGY4OC0zNDM2M2JjN2M0YzAiOnsiY3JlYXRlIjo2MDAwMDAwMDAwMDAsImRlbGV0ZSI6MTIwMDAwMDAwMDAwMH0sInNjaGVtYV92ZXJzaW9uIjoiMSJ9",
          "dependencies": [
            "aws_vpc.dangtong-vpc"
          ]
        },
        {
          "index_key": "b",
          "schema_version": 1,
          "attributes": {
            "arn": "arn:aws:ec2:ap-northeast-2:203918873115:subnet/subnet-091724ef795c31075",
            "assign_ipv6_address_on_creation": false,
            "availability_zone": "ap-northeast-2b",
            "availability_zone_id": "apne2-az2",
            "cidr_block": "10.0.2.0/24",
            "customer_owned_ipv4_pool": "",
            "enable_dns64": false,
            "enable_lni_at_device_index": 0,
            "enable_resource_name_dns_a_record_on_launch": false,
            "enable_resource_name_dns_aaaa_record_on_launch": false,
            "id": "subnet-091724ef795c31075",
            "ipv6_cidr_block": "",
            "ipv6_cidr_block_association_id": "",
            "ipv6_native": false,
            "map_customer_owned_ip_on_launch": false,
            "map_public_ip_on_launch": true,
            "outpost_arn": "",
            "owner_id": "203918873115",
            "private_dns_hostname_type_on_launch": "ip-name",
            "tags": {
              "Name": "dangtong-vpc-public-subnet-b"
            },
            "tags_all": {
              "Name": "dangtong-vpc-public-subnet-b"
            },
            "timeouts": null,
            "vpc_id": "vpc-08905d7d4a2ef2016"
          },
          "sensitive_attributes": [],
          "private": "eyJlMmJmYjczMC1lY2FhLTExZTYtOGY4OC0zNDM2M2JjN2M0YzAiOnsiY3JlYXRlIjo2MDAwMDAwMDAwMDAsImRlbGV0ZSI6MTIwMDAwMDAwMDAwMH0sInNjaGVtYV92ZXJzaW9uIjoiMSJ9",
          "dependencies": [
            "aws_vpc.dangtong-vpc"
          ]
        },
        {
          "index_key": "c",
          "schema_version": 1,
          "attributes": {
            "arn": "arn:aws:ec2:ap-northeast-2:203918873115:subnet/subnet-07f8edde7289e460e",
            "assign_ipv6_address_on_creation": false,
            "availability_zone": "ap-northeast-2c",
            "availability_zone_id": "apne2-az3",
            "cidr_block": "10.0.3.0/24",
            "customer_owned_ipv4_pool": "",
            "enable_dns64": false,
            "enable_lni_at_device_index": 0,
            "enable_resource_name_dns_a_record_on_launch": false,
            "enable_resource_name_dns_aaaa_record_on_launch": false,
            "id": "subnet-07f8edde7289e460e",
            "ipv6_cidr_block": "",
            "ipv6_cidr_block_association_id": "",
            "ipv6_native": false,
            "map_customer_owned_ip_on_launch": false,
            "map_public_ip_on_launch": true,
            "outpost_arn": "",
            "owner_id": "203918873115",
            "private_dns_hostname_type_on_launch": "ip-name",
            "tags": {
              "Name": "dangtong-vpc-public-subnet-c"
            },
            "tags_all": {
              "Name": "dangtong-vpc-public-subnet-c"
            },
            "timeouts": null,
            "vpc_id": "vpc-08905d7d4a2ef2016"
          },
          "sensitive_attributes": [],
          "private": "eyJlMmJmYjczMC1lY2FhLTExZTYtOGY4OC0zNDM2M2JjN2M0YzAiOnsiY3JlYXRlIjo2MDAwMDAwMDAwMDAsImRlbGV0ZSI6MTIwMDAwMDAwMDAwMH0sInNjaGVtYV92ZXJzaW9uIjoiMSJ9",
          "dependencies": [
            "aws_vpc.dangtong-vpc"
          ]
        },
        {
          "index_key": "d",
          "schema_version": 1,
          "attributes": {
            "arn": "arn:aws:ec2:ap-northeast-2:203918873115:subnet/subnet-09e62a67f8a131316",
            "assign_ipv6_address_on_creation": false,
            "availability_zone": "ap-northeast-2d",
            "availability_zone_id": "apne2-az4",
            "cidr_block": "10.0.4.0/24",
            "customer_owned_ipv4_pool": "",
            "enable_dns64": false,
            "enable_lni_at_device_index": 0,
            "enable_resource_name_dns_a_record_on_launch": false,
            "enable_resource_name_dns_aaaa_record_on_launch": false,
            "id": "subnet-09e62a67f8a131316",
            "ipv6_cidr_block": "",
            "ipv6_cidr_block_association_id": "",
            "ipv6_native": false,
            "map_customer_owned_ip_on_launch": false,
            "map_public_ip_on_launch": true,
            "outpost_arn": "",
            "owner_id": "203918873115",
            "private_dns_hostname_type_on_launch": "ip-name",
            "tags": {
              "Name": "dangtong-vpc-public-subnet-d"
            },
            "tags_all": {
              "Name": "dangtong-vpc-public-subnet-d"
            },
            "timeouts": null,
            "vpc_id": "vpc-08905d7d4a2ef2016"
          },
          "sensitive_attributes": [],
          "private": "eyJlMmJmYjczMC1lY2FhLTExZTYtOGY4OC0zNDM2M2JjN2M0YzAiOnsiY3JlYXRlIjo2MDAwMDAwMDAwMDAsImRlbGV0ZSI6MTIwMDAwMDAwMDAwMH0sInNjaGVtYV92ZXJzaW9uIjoiMSJ9",
          "dependencies": [
            "aws_vpc.dangtong-vpc"
          ]
        }
      ]
    },
    {
      "mode": "managed",
      "type": "aws_vpc",
      "name": "dangtong-vpc",
      "provider": "provider[\"registry.terraform.io/hashicorp/aws\"]",
      "instances": [
        {
          "schema_version": 1,
          "attributes": {
            "arn": "arn:aws:ec2:ap-northeast-2:203918873115:vpc/vpc-08905d7d4a2ef2016",
            "assign_generated_ipv6_cidr_block": false,
            "cidr_block": "10.0.0.0/16",
            "default_network_acl_id": "acl-0a2f3682c45a85a3f",
            "default_route_table_id": "rtb-006798fc1c0f54f82",
            "default_security_group_id": "sg-06195a0e8237f1954",
            "dhcp_options_id": "dopt-0e1a9e6cc282a3774",
            "enable_dns_hostnames": true,
            "enable_dns_support": true,
            "enable_network_address_usage_metrics": false,
            "id": "vpc-08905d7d4a2ef2016",
            "instance_tenancy": "default",
            "ipv4_ipam_pool_id": null,
            "ipv4_netmask_length": null,
            "ipv6_association_id": "",
            "ipv6_cidr_block": "",
            "ipv6_cidr_block_network_border_group": "",
            "ipv6_ipam_pool_id": "",
            "ipv6_netmask_length": 0,
            "main_route_table_id": "rtb-006798fc1c0f54f82",
            "owner_id": "203918873115",
            "tags": {
              "Name": "dangtong-vpc"
            },
            "tags_all": {
              "Name": "dangtong-vpc"
            }
          },
          "sensitive_attributes": [],
          "private": "eyJzY2hlbWFfdmVyc2lvbiI6IjEifQ=="
        }
      ]
    },
    {
      "mode": "managed",
      "type": "tls_private_key",
      "name": "ec2_private_key",
      "provider": "provider[\"registry.terraform.io/hashicorp/tls\"]",
      "instances": [
        {
          "schema_version": 1,
          "attributes": {
            "algorithm": "RSA",
            "ecdsa_curve": "P224",
            "id": "091a4245bd1fdb5b783ca3a47ddcffb002a449e6",
            "private_key_openssh": "-----BEGIN OPENSSH PRIVATE KEY-----\nb3BlbnNzaC1rZXktdjEAAAAABG5vbmUAAAAEbm9uZQAAAAAAAAABAAABFwAAAAdz\nc2gtcnNhAAAAAwEAAQAAAQEAtsgUHsVSsboKfjA5aYEdaArk4j1krWcvaS4mj7Xy\nM3VcIsNO5Kwks/Ubps1d7H3QF4ToeMRPM4PCfe4ZhCQl+651Zg2/oZam0CSPjkps\nrjXI2vDWUOsYbSEQ6XGZdrr0DXQwih7WeVmNDwAFCvVFQvFu5YowDbS1PrBb3Lbe\n77bbY2tvPsytkXEuVUtC8v9fjUhSjCjCLc+PT0Zx7vodVS/J9qKnEfWy0oi77i6o\n+JGaxOb7U9Ec5KposDYX6rSjqXUl6XEjI7aZItAOsqrXHY9lQ7pBFgHy5B2Q9Au/\nN8Wxj6bZBfKGgEqeImsYbnYv/zF5nlZ168CBlGsRE4cADQAAA7hrKQ+kaykPpAAA\nAAdzc2gtcnNhAAABAQC2yBQexVKxugp+MDlpgR1oCuTiPWStZy9pLiaPtfIzdVwi\nw07krCSz9RumzV3sfdAXhOh4xE8zg8J97hmEJCX7rnVmDb+hlqbQJI+OSmyuNcja\n8NZQ6xhtIRDpcZl2uvQNdDCKHtZ5WY0PAAUK9UVC8W7lijANtLU+sFvctt7vtttj\na28+zK2RcS5VS0Ly/1+NSFKMKMItz49PRnHu+h1VL8n2oqcR9bLSiLvuLqj4kZrE\n5vtT0RzkqmiwNhfqtKOpdSXpcSMjtpki0A6yqtcdj2VDukEWAfLkHZD0C783xbGP\nptkF8oaASp4iaxhudi//MXmeVnXrwIGUaxEThwANAAAAAwEAAQAAAQACq/4PTRce\nXffVTGMqdaa2ZKJf5EHafw2kXfZWV3SI6AhGwdAfa5zFvKmA0LO0x0oJbfnv+f6m\nZCCtspNQ6S5c9Xnl2gGZHRinJkGq9M+N5F9hQ+/+EtGylq8mmnCB2c3DfJVRD45X\nC8YSGA/6zwcKKXlThaeaK7ASkIVnPo0Xt/A9zoBnJjyrhEOyCvXmL/UVOy3c2ygw\nFw2Ad2J7S4O7LPm/M0NomVCwygiCRiwFZ5rCFiH788zbM+gon8+xQXaMwoEcpGhM\nH4lJdeowcFnIfcbkFqYoQF3cBrsYuJ/sfdEu3uloZsZiQ06MDE5OEB18EzwLIyNS\njdIuj124oOmBAAAAgGhXCiMq5OKEhu2AWkPkI00Ly8VHHGnT0ZBCbWEjpfmf1tPR\n4HKFgH+BGdyFeTk6+U/koTB3KblCwDpluIv8u24XpeWVhx/L8lnlCYux8AKrhf61\nagb+dYttjRZz2mdoUQXRSRkF87oF/INpLAff31f2pyVCw751P8Y/EGH6QQ+QAAAA\ngQDUbPujCaX7JvD5+2oUHN5zx7theE5lSHQ0n13MpMp6FGiZRlHiRvXGdI8Eo58h\nIe/tT2rxvm+KVP8rZ7z4lJf1t+CLHJVKzGenkua/nXaZ5WEtAi/Hzo90D0Batx2+\nLh/ZR9CJFLI/vsUZEQ3CZEmM5y9WW4oT60gUVbyAFRpAHQAAAIEA3EZnuZhjI0AH\noUvPBvsLNCOLC8pcfSn4DmPHyoT56zgJv9+cf1oJu7RcxrVEoRIOIHKS//DUQzHv\n0belZZkkv4VXLXd5yk27mAsMJDuKOcmq6TGhY6kca3yFzAePPBAhY5ZgIAaUglYu\nMENf6fuhzUOkCxyJdEFeCs4I0A9bnLEAAAAAAQID\n-----END OPENSSH PRIVATE KEY-----\n",
            "private_key_pem": "-----BEGIN RSA PRIVATE KEY-----\nMIIEowIBAAKCAQEAtsgUHsVSsboKfjA5aYEdaArk4j1krWcvaS4mj7XyM3VcIsNO\n5Kwks/Ubps1d7H3QF4ToeMRPM4PCfe4ZhCQl+651Zg2/oZam0CSPjkpsrjXI2vDW\nUOsYbSEQ6XGZdrr0DXQwih7WeVmNDwAFCvVFQvFu5YowDbS1PrBb3Lbe77bbY2tv\nPsytkXEuVUtC8v9fjUhSjCjCLc+PT0Zx7vodVS/J9qKnEfWy0oi77i6o+JGaxOb7\nU9Ec5KposDYX6rSjqXUl6XEjI7aZItAOsqrXHY9lQ7pBFgHy5B2Q9Au/N8Wxj6bZ\nBfKGgEqeImsYbnYv/zF5nlZ168CBlGsRE4cADQIDAQABAoIBAAKr/g9NFx5d99VM\nYyp1prZkol/kQdp/DaRd9lZXdIjoCEbB0B9rnMW8qYDQs7THSglt+e/5/qZkIK2y\nk1DpLlz1eeXaAZkdGKcmQar0z43kX2FD7/4S0bKWryaacIHZzcN8lVEPjlcLxhIY\nD/rPBwopeVOFp5orsBKQhWc+jRe38D3OgGcmPKuEQ7IK9eYv9RU7LdzbKDAXDYB3\nYntLg7ss+b8zQ2iZULDKCIJGLAVnmsIWIfvzzNsz6Cifz7FBdozCgRykaEwfiUl1\n6jBwWch9xuQWpihAXdwGuxi4n+x90S7e6WhmxmJDTowMTk4QHXwTPAsjI1KN0i6P\nXbig6YECgYEA1Gz7owml+ybw+ftqFBzec8e7YXhOZUh0NJ9dzKTKehRomUZR4kb1\nxnSPBKOfISHv7U9q8b5vilT/K2e8+JSX9bfgixyVSsxnp5Lmv512meVhLQIvx86P\ndA9AWrcdvi4f2UfQiRSyP77FGRENwmRJjOcvVluKE+tIFFW8gBUaQB0CgYEA3EZn\nuZhjI0AHoUvPBvsLNCOLC8pcfSn4DmPHyoT56zgJv9+cf1oJu7RcxrVEoRIOIHKS\n//DUQzHv0belZZkkv4VXLXd5yk27mAsMJDuKOcmq6TGhY6kca3yFzAePPBAhY5Zg\nIAaUglYuMENf6fuhzUOkCxyJdEFeCs4I0A9bnLECgYB55wTM/hdzNlipjD7Gxf5e\ngOsmNyz98INHQ4FHk/Xh8t5Hv1P0P3aBaZg9OEx0bg5Kp/2eNwO5Zad9WC3YlSVT\nTC8ehcuivgRp5OJoacuK61hFxPB4gDBQkQQESvtVjRCX1x9z2x2jeS2QgfncaULQ\nCkdfDm8BmU6m5MCk2/dRfQKBgQDOB+Bu/TUFPJema5Tp75hMHU6qKY4W2FGXjAbM\ny1JDi7e6yznC+IGQGySIC/Z0PcIO4XvTfvvbGfM5km9Wt0ZjCSJAebbl3Y0wqmyh\n2zrv0ExXL7/Hyt61PtSawRtdT60bTAT/D4iK3Hb5V5t37JArwS/H4NpEbfu7WXlu\nul6zEQKBgGhXCiMq5OKEhu2AWkPkI00Ly8VHHGnT0ZBCbWEjpfmf1tPR4HKFgH+B\nGdyFeTk6+U/koTB3KblCwDpluIv8u24XpeWVhx/L8lnlCYux8AKrhf61agb+dYtt\njRZz2mdoUQXRSRkF87oF/INpLAff31f2pyVCw751P8Y/EGH6QQ+Q\n-----END RSA PRIVATE KEY-----\n",
            "private_key_pem_pkcs8": "-----BEGIN PRIVATE KEY-----\nMIIEvQIBADANBgkqhkiG9w0BAQEFAASCBKcwggSjAgEAAoIBAQC2yBQexVKxugp+\nMDlpgR1oCuTiPWStZy9pLiaPtfIzdVwiw07krCSz9RumzV3sfdAXhOh4xE8zg8J9\n7hmEJCX7rnVmDb+hlqbQJI+OSmyuNcja8NZQ6xhtIRDpcZl2uvQNdDCKHtZ5WY0P\nAAUK9UVC8W7lijANtLU+sFvctt7vtttja28+zK2RcS5VS0Ly/1+NSFKMKMItz49P\nRnHu+h1VL8n2oqcR9bLSiLvuLqj4kZrE5vtT0RzkqmiwNhfqtKOpdSXpcSMjtpki\n0A6yqtcdj2VDukEWAfLkHZD0C783xbGPptkF8oaASp4iaxhudi//MXmeVnXrwIGU\naxEThwANAgMBAAECggEAAqv+D00XHl331UxjKnWmtmSiX+RB2n8NpF32Vld0iOgI\nRsHQH2ucxbypgNCztMdKCW357/n+pmQgrbKTUOkuXPV55doBmR0YpyZBqvTPjeRf\nYUPv/hLRspavJppwgdnNw3yVUQ+OVwvGEhgP+s8HCil5U4WnmiuwEpCFZz6NF7fw\nPc6AZyY8q4RDsgr15i/1FTst3NsoMBcNgHdie0uDuyz5vzNDaJlQsMoIgkYsBWea\nwhYh+/PM2zPoKJ/PsUF2jMKBHKRoTB+JSXXqMHBZyH3G5BamKEBd3Aa7GLif7H3R\nLt7paGbGYkNOjAxOThAdfBM8CyMjUo3SLo9duKDpgQKBgQDUbPujCaX7JvD5+2oU\nHN5zx7theE5lSHQ0n13MpMp6FGiZRlHiRvXGdI8Eo58hIe/tT2rxvm+KVP8rZ7z4\nlJf1t+CLHJVKzGenkua/nXaZ5WEtAi/Hzo90D0Batx2+Lh/ZR9CJFLI/vsUZEQ3C\nZEmM5y9WW4oT60gUVbyAFRpAHQKBgQDcRme5mGMjQAehS88G+ws0I4sLylx9KfgO\nY8fKhPnrOAm/35x/Wgm7tFzGtUShEg4gcpL/8NRDMe/Rt6VlmSS/hVctd3nKTbuY\nCwwkO4o5yarpMaFjqRxrfIXMB488ECFjlmAgBpSCVi4wQ1/p+6HNQ6QLHIl0QV4K\nzgjQD1ucsQKBgHnnBMz+F3M2WKmMPsbF/l6A6yY3LP3wg0dDgUeT9eHy3ke/U/Q/\ndoFpmD04THRuDkqn/Z43A7llp31YLdiVJVNMLx6Fy6K+BGnk4mhpy4rrWEXE8HiA\nMFCRBARK+1WNEJfXH3PbHaN5LZCB+dxpQtAKR18ObwGZTqbkwKTb91F9AoGBAM4H\n4G79NQU8l6ZrlOnvmEwdTqopjhbYUZeMBszLUkOLt7rLOcL4gZAbJIgL9nQ9wg7h\ne9N++9sZ8zmSb1a3RmMJIkB5tuXdjTCqbKHbOu/QTFcvv8fK3rU+1JrBG11PrRtM\nBP8PiIrcdvlXm3fskCvBL8fg2kRt+7tZeW66XrMRAoGAaFcKIyrk4oSG7YBaQ+Qj\nTQvLxUccadPRkEJtYSOl+Z/W09HgcoWAf4EZ3IV5OTr5T+ShMHcpuULAOmW4i/y7\nbhel5ZWHH8vyWeUJi7HwAquF/rVqBv51i22NFnPaZ2hRBdFJGQXzugX8g2ksB9/f\nV/anJULDvnU/xj8QYfpBD5A=\n-----END PRIVATE KEY-----\n",
            "public_key_fingerprint_md5": "f5:f0:e1:f8:25:42:98:f1:d7:3e:66:e1:c9:92:7c:71",
            "public_key_fingerprint_sha256": "SHA256:t+KPmaOOfHQemSLaQ/TyPE73o8LN6Fk1z8f0GCjOFio",
            "public_key_openssh": "ssh-rsa AAAAB3NzaC1yc2EAAAADAQABAAABAQC2yBQexVKxugp+MDlpgR1oCuTiPWStZy9pLiaPtfIzdVwiw07krCSz9RumzV3sfdAXhOh4xE8zg8J97hmEJCX7rnVmDb+hlqbQJI+OSmyuNcja8NZQ6xhtIRDpcZl2uvQNdDCKHtZ5WY0PAAUK9UVC8W7lijANtLU+sFvctt7vtttja28+zK2RcS5VS0Ly/1+NSFKMKMItz49PRnHu+h1VL8n2oqcR9bLSiLvuLqj4kZrE5vtT0RzkqmiwNhfqtKOpdSXpcSMjtpki0A6yqtcdj2VDukEWAfLkHZD0C783xbGPptkF8oaASp4iaxhudi//MXmeVnXrwIGUaxEThwAN\n",
            "public_key_pem": "-----BEGIN PUBLIC KEY-----\nMIIBIjANBgkqhkiG9w0BAQEFAAOCAQ8AMIIBCgKCAQEAtsgUHsVSsboKfjA5aYEd\naArk4j1krWcvaS4mj7XyM3VcIsNO5Kwks/Ubps1d7H3QF4ToeMRPM4PCfe4ZhCQl\n+651Zg2/oZam0CSPjkpsrjXI2vDWUOsYbSEQ6XGZdrr0DXQwih7WeVmNDwAFCvVF\nQvFu5YowDbS1PrBb3Lbe77bbY2tvPsytkXEuVUtC8v9fjUhSjCjCLc+PT0Zx7vod\nVS/J9qKnEfWy0oi77i6o+JGaxOb7U9Ec5KposDYX6rSjqXUl6XEjI7aZItAOsqrX\nHY9lQ7pBFgHy5B2Q9Au/N8Wxj6bZBfKGgEqeImsYbnYv/zF5nlZ168CBlGsRE4cA\nDQIDAQAB\n-----END PUBLIC KEY-----\n",
            "rsa_bits": 2048
          },
          "sensitive_attributes": [
            [
              {
                "type": "get_attr",
                "value": "private_key_openssh"
              }
            ],
            [
              {
                "type": "get_attr",
                "value": "private_key_pem_pkcs8"
              }
            ],
            [
              {
                "type": "get_attr",
                "value": "private_key_pem"
              }
            ]
          ]
        }
      ]
    }
  ],
  "check_results": null
}
